
Microsoft Visual Studio Solution File, Format Version 12.00
# Visual Studio 15
VisualStudioVersion = 15.0.28307.1209
MinimumVisualStudioVersion = 10.0.40219.1
Project("{9A19103F-16F7-4668-BE54-9A1E7A4F7556}") = "FunctionApp2017", "FunctionApp2017\FunctionApp2017.csproj", "{D54C893E-FC5D-473B-BBD8-EF42F4ED4C45}"
EndProject
Global
	GlobalSection(SolutionConfigurationPlatforms) = preSolution
		Debug|Any CPU = Debug|Any CPU
		Release|Any CPU = Release|Any CPU
	EndGlobalSection
	GlobalSection(ProjectConfigurationPlatforms) = postSolution
		{D54C893E-FC5D-473B-BBD8-EF42F4ED4C45}.Debug|Any CPU.ActiveCfg = Debug|Any CPU
		{D54C893E-FC5D-473B-BBD8-EF42F4ED4C45}.Debug|Any CPU.Build.0 = Debug|Any CPU
		{D54C893E-FC5D-473B-BBD8-EF42F4ED4C45}.Release|Any CPU.ActiveCfg = Release|Any CPU
		{D54C893E-FC5D-473B-BBD8-EF42F4ED4C45}.Release|Any CPU.Build.0 = Release|Any CPU
	EndGlobalSection
	GlobalSection(SolutionProperties) = preSolution
		HideSolutionNode = FALSE
	EndGlobalSection
	GlobalSection(ExtensibilityGlobals) = postSolution
		SolutionGuid = {4F6AD0C2-3CBD-44A4-9039-DD039ECA90C2}
	EndGlobalSection
EndGlobal
